
Microsoft Visual Studio Solution File, Format Version 12.00
# Visual Studio 2012
Project("{FAE04EC0-301F-11D3-BF4B-00C04F79EFBC}") = "Wordpress.Main", "Wordpress.Generator\Wordpress.Generator\Wordpress.Main.csproj", "{233F7159-9937-4202-81FF-FFFA543E114A}"
EndProject
Project("{FAE04EC0-301F-11D3-BF4B-00C04F79EFBC}") = "Wordpress.Business", "Wordpress.Business\Wordpress.Business.csproj", "{374A9309-A1D0-4C18-90EA-60E8922C182C}"
EndProject
Global
	GlobalSection(SolutionConfigurationPlatforms) = preSolution
		Debug|Any CPU = Debug|Any CPU
		Release|Any CPU = Release|Any CPU
	EndGlobalSection
	GlobalSection(ProjectConfigurationPlatforms) = postSolution
		{233F7159-9937-4202-81FF-FFFA543E114A}.Debug|Any CPU.ActiveCfg = Debug|Any CPU
		{233F7159-9937-4202-81FF-FFFA543E114A}.Debug|Any CPU.Build.0 = Debug|Any CPU
		{233F7159-9937-4202-81FF-FFFA543E114A}.Release|Any CPU.ActiveCfg = Release|Any CPU
		{233F7159-9937-4202-81FF-FFFA543E114A}.Release|Any CPU.Build.0 = Release|Any CPU
		{374A9309-A1D0-4C18-90EA-60E8922C182C}.Debug|Any CPU.ActiveCfg = Debug|Any CPU
		{374A9309-A1D0-4C18-90EA-60E8922C182C}.Debug|Any CPU.Build.0 = Debug|Any CPU
		{374A9309-A1D0-4C18-90EA-60E8922C182C}.Release|Any CPU.ActiveCfg = Release|Any CPU
		{374A9309-A1D0-4C18-90EA-60E8922C182C}.Release|Any CPU.Build.0 = Release|Any CPU
	EndGlobalSection
	GlobalSection(SolutionProperties) = preSolution
		HideSolutionNode = FALSE
	EndGlobalSection
EndGlobal
